
Microsoft Visual Studio Solution File, Format Version 12.00
# Visual Studio Version 16
VisualStudioVersion = 16.6.30114.105
MinimumVisualStudioVersion = 10.0.40219.1
Project("{FAE04EC0-301F-11D3-BF4B-00C04F79EFBC}") = "LPCSharp", "LPCSharp\LPCSharp.csproj", "{8B22E234-7954-42BD-9E81-926B2B63409C}"
EndProject
Project("{FAE04EC0-301F-11D3-BF4B-00C04F79EFBC}") = "LPCSharp.Test", "LPCSharp.Test\LPCSharp.Test.csproj", "{A6BCD6B0-4DD7-4202-94DA-7EE0EF5EC3AD}"
EndProject
Global
	GlobalSection(SolutionConfigurationPlatforms) = preSolution
		Debug|Any CPU = Debug|Any CPU
		Debug|x64 = Debug|x64
		Debug|x86 = Debug|x86
		Release|Any CPU = Release|Any CPU
		Release|x64 = Release|x64
		Release|x86 = Release|x86
	EndGlobalSection
	GlobalSection(SolutionProperties) = preSolution
		HideSolutionNode = FALSE
	EndGlobalSection
	GlobalSection(ProjectConfigurationPlatforms) = postSolution
		{8B22E234-7954-42BD-9E81-926B2B63409C}.Debug|Any CPU.ActiveCfg = Debug|Any CPU
		{8B22E234-7954-42BD-9E81-926B2B63409C}.Debug|Any CPU.Build.0 = Debug|Any CPU
		{8B22E234-7954-42BD-9E81-926B2B63409C}.Debug|x64.ActiveCfg = Debug|Any CPU
		{8B22E234-7954-42BD-9E81-926B2B63409C}.Debug|x64.Build.0 = Debug|Any CPU
		{8B22E234-7954-42BD-9E81-926B2B63409C}.Debug|x86.ActiveCfg = Debug|Any CPU
		{8B22E234-7954-42BD-9E81-926B2B63409C}.Debug|x86.Build.0 = Debug|Any CPU
		{8B22E234-7954-42BD-9E81-926B2B63409C}.Release|Any CPU.ActiveCfg = Release|Any CPU
		{8B22E234-7954-42BD-9E81-926B2B63409C}.Release|Any CPU.Build.0 = Release|Any CPU
		{8B22E234-7954-42BD-9E81-926B2B63409C}.Release|x64.ActiveCfg = Release|Any CPU
		{8B22E234-7954-42BD-9E81-926B2B63409C}.Release|x64.Build.0 = Release|Any CPU
		{8B22E234-7954-42BD-9E81-926B2B63409C}.Release|x86.ActiveCfg = Release|Any CPU
		{8B22E234-7954-42BD-9E81-926B2B63409C}.Release|x86.Build.0 = Release|Any CPU
		{A6BCD6B0-4DD7-4202-94DA-7EE0EF5EC3AD}.Debug|Any CPU.ActiveCfg = Debug|Any CPU
		{A6BCD6B0-4DD7-4202-94DA-7EE0EF5EC3AD}.Debug|Any CPU.Build.0 = Debug|Any CPU
		{A6BCD6B0-4DD7-4202-94DA-7EE0EF5EC3AD}.Debug|x64.ActiveCfg = Debug|Any CPU
		{A6BCD6B0-4DD7-4202-94DA-7EE0EF5EC3AD}.Debug|x64.Build.0 = Debug|Any CPU
		{A6BCD6B0-4DD7-4202-94DA-7EE0EF5EC3AD}.Debug|x86.ActiveCfg = Debug|Any CPU
		{A6BCD6B0-4DD7-4202-94DA-7EE0EF5EC3AD}.Debug|x86.Build.0 = Debug|Any CPU
		{A6BCD6B0-4DD7-4202-94DA-7EE0EF5EC3AD}.Release|Any CPU.ActiveCfg = Release|Any CPU
		{A6BCD6B0-4DD7-4202-94DA-7EE0EF5EC3AD}.Release|Any CPU.Build.0 = Release|Any CPU
		{A6BCD6B0-4DD7-4202-94DA-7EE0EF5EC3AD}.Release|x64.ActiveCfg = Release|Any CPU
		{A6BCD6B0-4DD7-4202-94DA-7EE0EF5EC3AD}.Release|x64.Build.0 = Release|Any CPU
		{A6BCD6B0-4DD7-4202-94DA-7EE0EF5EC3AD}.Release|x86.ActiveCfg = Release|Any CPU
		{A6BCD6B0-4DD7-4202-94DA-7EE0EF5EC3AD}.Release|x86.Build.0 = Release|Any CPU
	EndGlobalSection
EndGlobal
